
Microsoft Visual Studio Solution File, Format Version 12.00
# Visual Studio 15
VisualStudioVersion = 15.0.35213.121
MinimumVisualStudioVersion = 10.0.40219.1
Project("{FAE04EC0-301F-11D3-BF4B-00C04F79EFBC}") = "UrunSınıfı", "UrunSınıfı\UrunSınıfı.csproj", "{D4912987-82DA-4FA5-9B0A-D1EC3F95A19E}"
EndProject
Global
	GlobalSection(SolutionConfigurationPlatforms) = preSolution
		Debug|Any CPU = Debug|Any CPU
		Release|Any CPU = Release|Any CPU
	EndGlobalSection
	GlobalSection(ProjectConfigurationPlatforms) = postSolution
		{D4912987-82DA-4FA5-9B0A-D1EC3F95A19E}.Debug|Any CPU.ActiveCfg = Debug|Any CPU
		{D4912987-82DA-4FA5-9B0A-D1EC3F95A19E}.Debug|Any CPU.Build.0 = Debug|Any CPU
		{D4912987-82DA-4FA5-9B0A-D1EC3F95A19E}.Release|Any CPU.ActiveCfg = Release|Any CPU
		{D4912987-82DA-4FA5-9B0A-D1EC3F95A19E}.Release|Any CPU.Build.0 = Release|Any CPU
	EndGlobalSection
	GlobalSection(SolutionProperties) = preSolution
		HideSolutionNode = FALSE
	EndGlobalSection
	GlobalSection(ExtensibilityGlobals) = postSolution
		SolutionGuid = {1E9FFD76-470C-43A3-B96C-15BFE5E2B270}
	EndGlobalSection
EndGlobal
