
Microsoft Visual Studio Solution File, Format Version 12.00
# Visual Studio 15
VisualStudioVersion = 15.0.35213.121
MinimumVisualStudioVersion = 10.0.40219.1
Project("{FAE04EC0-301F-11D3-BF4B-00C04F79EFBC}") = "AdamAsmaca", "ConsoleApp4\AdamAsmaca.csproj", "{86D93786-BA21-48BE-BAAD-BA34413ED949}"
EndProject
Global
	GlobalSection(SolutionConfigurationPlatforms) = preSolution
		Debug|Any CPU = Debug|Any CPU
		Release|Any CPU = Release|Any CPU
	EndGlobalSection
	GlobalSection(ProjectConfigurationPlatforms) = postSolution
		{86D93786-BA21-48BE-BAAD-BA34413ED949}.Debug|Any CPU.ActiveCfg = Debug|Any CPU
		{86D93786-BA21-48BE-BAAD-BA34413ED949}.Debug|Any CPU.Build.0 = Debug|Any CPU
		{86D93786-BA21-48BE-BAAD-BA34413ED949}.Release|Any CPU.ActiveCfg = Release|Any CPU
		{86D93786-BA21-48BE-BAAD-BA34413ED949}.Release|Any CPU.Build.0 = Release|Any CPU
	EndGlobalSection
	GlobalSection(SolutionProperties) = preSolution
		HideSolutionNode = FALSE
	EndGlobalSection
	GlobalSection(ExtensibilityGlobals) = postSolution
		SolutionGuid = {4A8DFD5A-482E-4584-B5BD-6A09728F848B}
	EndGlobalSection
EndGlobal
