
Microsoft Visual Studio Solution File, Format Version 12.00
# Visual Studio 15
VisualStudioVersion = 15.0.35431.46
MinimumVisualStudioVersion = 10.0.40219.1
Project("{FAE04EC0-301F-11D3-BF4B-00C04F79EFBC}") = "Abone Sistemi", "Abone Sistemi\Abone Sistemi.csproj", "{C98F0EB2-DDED-4EBD-B514-8C08A144582F}"
EndProject
Global
	GlobalSection(SolutionConfigurationPlatforms) = preSolution
		Debug|Any CPU = Debug|Any CPU
		Release|Any CPU = Release|Any CPU
	EndGlobalSection
	GlobalSection(ProjectConfigurationPlatforms) = postSolution
		{C98F0EB2-DDED-4EBD-B514-8C08A144582F}.Debug|Any CPU.ActiveCfg = Debug|Any CPU
		{C98F0EB2-DDED-4EBD-B514-8C08A144582F}.Debug|Any CPU.Build.0 = Debug|Any CPU
		{C98F0EB2-DDED-4EBD-B514-8C08A144582F}.Release|Any CPU.ActiveCfg = Release|Any CPU
		{C98F0EB2-DDED-4EBD-B514-8C08A144582F}.Release|Any CPU.Build.0 = Release|Any CPU
	EndGlobalSection
	GlobalSection(SolutionProperties) = preSolution
		HideSolutionNode = FALSE
	EndGlobalSection
	GlobalSection(ExtensibilityGlobals) = postSolution
		SolutionGuid = {B848887D-D8DD-4CCB-B408-892A912C0B1C}
	EndGlobalSection
EndGlobal
