
Microsoft Visual Studio Solution File, Format Version 12.00
# Visual Studio 15
VisualStudioVersion = 15.0.35213.121
MinimumVisualStudioVersion = 10.0.40219.1
Project("{FAE04EC0-301F-11D3-BF4B-00C04F79EFBC}") = "ZamanMakinesi", "ZamanMakinesi\ZamanMakinesi.csproj", "{AF549FAE-E7D9-439E-89FC-1729D413ABC5}"
EndProject
Global
	GlobalSection(SolutionConfigurationPlatforms) = preSolution
		Debug|Any CPU = Debug|Any CPU
		Release|Any CPU = Release|Any CPU
	EndGlobalSection
	GlobalSection(ProjectConfigurationPlatforms) = postSolution
		{AF549FAE-E7D9-439E-89FC-1729D413ABC5}.Debug|Any CPU.ActiveCfg = Debug|Any CPU
		{AF549FAE-E7D9-439E-89FC-1729D413ABC5}.Debug|Any CPU.Build.0 = Debug|Any CPU
		{AF549FAE-E7D9-439E-89FC-1729D413ABC5}.Release|Any CPU.ActiveCfg = Release|Any CPU
		{AF549FAE-E7D9-439E-89FC-1729D413ABC5}.Release|Any CPU.Build.0 = Release|Any CPU
	EndGlobalSection
	GlobalSection(SolutionProperties) = preSolution
		HideSolutionNode = FALSE
	EndGlobalSection
	GlobalSection(ExtensibilityGlobals) = postSolution
		SolutionGuid = {DB85AE70-9876-4A46-A7FD-66E19A38C7B2}
	EndGlobalSection
EndGlobal
