
Microsoft Visual Studio Solution File, Format Version 12.00
# Visual Studio 15
VisualStudioVersion = 15.0.35431.46
MinimumVisualStudioVersion = 10.0.40219.1
Project("{FAE04EC0-301F-11D3-BF4B-00C04F79EFBC}") = "ZamanFarkiBulan", "ZamanFarkiBulan\ZamanFarkiBulan.csproj", "{59A7BD9C-F4DA-4B23-A9A2-2A2924DA22AA}"
EndProject
Global
	GlobalSection(SolutionConfigurationPlatforms) = preSolution
		Debug|Any CPU = Debug|Any CPU
		Release|Any CPU = Release|Any CPU
	EndGlobalSection
	GlobalSection(ProjectConfigurationPlatforms) = postSolution
		{59A7BD9C-F4DA-4B23-A9A2-2A2924DA22AA}.Debug|Any CPU.ActiveCfg = Debug|Any CPU
		{59A7BD9C-F4DA-4B23-A9A2-2A2924DA22AA}.Debug|Any CPU.Build.0 = Debug|Any CPU
		{59A7BD9C-F4DA-4B23-A9A2-2A2924DA22AA}.Release|Any CPU.ActiveCfg = Release|Any CPU
		{59A7BD9C-F4DA-4B23-A9A2-2A2924DA22AA}.Release|Any CPU.Build.0 = Release|Any CPU
	EndGlobalSection
	GlobalSection(SolutionProperties) = preSolution
		HideSolutionNode = FALSE
	EndGlobalSection
	GlobalSection(ExtensibilityGlobals) = postSolution
		SolutionGuid = {291A1696-2FA2-46B1-98B4-E6498E2AF2EB}
	EndGlobalSection
EndGlobal
