
Microsoft Visual Studio Solution File, Format Version 12.00
# Visual Studio 15
VisualStudioVersion = 15.0.35213.121
MinimumVisualStudioVersion = 10.0.40219.1
Project("{FAE04EC0-301F-11D3-BF4B-00C04F79EFBC}") = "UzayMadeni", "UzayMadeni\UzayMadeni.csproj", "{E4BB2578-EE0D-4D4A-B846-4603485E8FB6}"
EndProject
Global
	GlobalSection(SolutionConfigurationPlatforms) = preSolution
		Debug|Any CPU = Debug|Any CPU
		Release|Any CPU = Release|Any CPU
	EndGlobalSection
	GlobalSection(ProjectConfigurationPlatforms) = postSolution
		{E4BB2578-EE0D-4D4A-B846-4603485E8FB6}.Debug|Any CPU.ActiveCfg = Debug|Any CPU
		{E4BB2578-EE0D-4D4A-B846-4603485E8FB6}.Debug|Any CPU.Build.0 = Debug|Any CPU
		{E4BB2578-EE0D-4D4A-B846-4603485E8FB6}.Release|Any CPU.ActiveCfg = Release|Any CPU
		{E4BB2578-EE0D-4D4A-B846-4603485E8FB6}.Release|Any CPU.Build.0 = Release|Any CPU
	EndGlobalSection
	GlobalSection(SolutionProperties) = preSolution
		HideSolutionNode = FALSE
	EndGlobalSection
	GlobalSection(ExtensibilityGlobals) = postSolution
		SolutionGuid = {2C700DD4-840E-4479-9F76-B44D078C6206}
	EndGlobalSection
EndGlobal
